
Microsoft Visual Studio Solution File, Format Version 12.00
# Visual Studio 14
VisualStudioVersion = 14.0.24720.0
MinimumVisualStudioVersion = 10.0.40219.1
Project("{8BC9CEB8-8B4A-11D0-8D11-00A0C91BC942}") = "StaticLib", "Lab5.vcxproj", "{1D2E23F8-94CF-496D-AAD5-EF239373A4EE}"
EndProject
Project("{8BC9CEB8-8B4A-11D0-8D11-00A0C91BC942}") = "TestLab5", "..\TestLab5\TestLab5.vcxproj", "{38B46253-882F-4408-AD15-2845FBE3C724}"
EndProject
Project("{8BC9CEB8-8B4A-11D0-8D11-00A0C91BC942}") = "Lab5DynamicLib", "..\Lab5DynamicLib\Lab5DynamicLib.vcxproj", "{136D5F5B-BAB2-4904-AE3B-C50CF16F8572}"
EndProject
Global
	GlobalSection(SolutionConfigurationPlatforms) = preSolution
		Debug|x64 = Debug|x64
		Debug|x86 = Debug|x86
		Release|x64 = Release|x64
		Release|x86 = Release|x86
	EndGlobalSection
	GlobalSection(ProjectConfigurationPlatforms) = postSolution
		{1D2E23F8-94CF-496D-AAD5-EF239373A4EE}.Debug|x64.ActiveCfg = Debug|x64
		{1D2E23F8-94CF-496D-AAD5-EF239373A4EE}.Debug|x64.Build.0 = Debug|x64
		{1D2E23F8-94CF-496D-AAD5-EF239373A4EE}.Debug|x86.ActiveCfg = Debug|Win32
		{1D2E23F8-94CF-496D-AAD5-EF239373A4EE}.Debug|x86.Build.0 = Debug|Win32
		{1D2E23F8-94CF-496D-AAD5-EF239373A4EE}.Release|x64.ActiveCfg = Release|x64
		{1D2E23F8-94CF-496D-AAD5-EF239373A4EE}.Release|x64.Build.0 = Release|x64
		{1D2E23F8-94CF-496D-AAD5-EF239373A4EE}.Release|x86.ActiveCfg = Release|Win32
		{1D2E23F8-94CF-496D-AAD5-EF239373A4EE}.Release|x86.Build.0 = Release|Win32
		{38B46253-882F-4408-AD15-2845FBE3C724}.Debug|x64.ActiveCfg = Debug|x64
		{38B46253-882F-4408-AD15-2845FBE3C724}.Debug|x64.Build.0 = Debug|x64
		{38B46253-882F-4408-AD15-2845FBE3C724}.Debug|x86.ActiveCfg = Debug|Win32
		{38B46253-882F-4408-AD15-2845FBE3C724}.Debug|x86.Build.0 = Debug|Win32
		{38B46253-882F-4408-AD15-2845FBE3C724}.Release|x64.ActiveCfg = Release|x64
		{38B46253-882F-4408-AD15-2845FBE3C724}.Release|x64.Build.0 = Release|x64
		{38B46253-882F-4408-AD15-2845FBE3C724}.Release|x86.ActiveCfg = Release|Win32
		{38B46253-882F-4408-AD15-2845FBE3C724}.Release|x86.Build.0 = Release|Win32
		{136D5F5B-BAB2-4904-AE3B-C50CF16F8572}.Debug|x64.ActiveCfg = Debug|x64
		{136D5F5B-BAB2-4904-AE3B-C50CF16F8572}.Debug|x64.Build.0 = Debug|x64
		{136D5F5B-BAB2-4904-AE3B-C50CF16F8572}.Debug|x86.ActiveCfg = Debug|Win32
		{136D5F5B-BAB2-4904-AE3B-C50CF16F8572}.Debug|x86.Build.0 = Debug|Win32
		{136D5F5B-BAB2-4904-AE3B-C50CF16F8572}.Release|x64.ActiveCfg = Release|x64
		{136D5F5B-BAB2-4904-AE3B-C50CF16F8572}.Release|x64.Build.0 = Release|x64
		{136D5F5B-BAB2-4904-AE3B-C50CF16F8572}.Release|x86.ActiveCfg = Release|Win32
		{136D5F5B-BAB2-4904-AE3B-C50CF16F8572}.Release|x86.Build.0 = Release|Win32
	EndGlobalSection
	GlobalSection(SolutionProperties) = preSolution
		HideSolutionNode = FALSE
	EndGlobalSection
EndGlobal
